
Microsoft Visual Studio Solution File, Format Version 12.00
# Visual Studio 15
VisualStudioVersion = 15.0.28010.2041
MinimumVisualStudioVersion = 10.0.40219.1
Project("{FAE04EC0-301F-11D3-BF4B-00C04F79EFBC}") = "UMU_GUI", "UMU_GUI\UMU_GUI.csproj", "{7C4BA040-A5DC-42FC-9FC7-63A364A08BFE}"
EndProject
Global
	GlobalSection(SolutionConfigurationPlatforms) = preSolution
		Debug|Any CPU = Debug|Any CPU
		Release|Any CPU = Release|Any CPU
	EndGlobalSection
	GlobalSection(ProjectConfigurationPlatforms) = postSolution
		{7C4BA040-A5DC-42FC-9FC7-63A364A08BFE}.Debug|Any CPU.ActiveCfg = Debug|Any CPU
		{7C4BA040-A5DC-42FC-9FC7-63A364A08BFE}.Debug|Any CPU.Build.0 = Debug|Any CPU
		{7C4BA040-A5DC-42FC-9FC7-63A364A08BFE}.Release|Any CPU.ActiveCfg = Release|Any CPU
		{7C4BA040-A5DC-42FC-9FC7-63A364A08BFE}.Release|Any CPU.Build.0 = Release|Any CPU
	EndGlobalSection
	GlobalSection(SolutionProperties) = preSolution
		HideSolutionNode = FALSE
	EndGlobalSection
	GlobalSection(ExtensibilityGlobals) = postSolution
		SolutionGuid = {D67EE6F4-D27D-4234-9BC3-973BD39F98C5}
	EndGlobalSection
EndGlobal
